// !$*UTF8*$!
{
	archiveVersion = 1;
	classes = {
	};
	objectVersion = 46;
	objects = {

/* Begin PBXBuildFile section */
		18972CC81A0660B600A4CC64 /* MLTableAlert.m in Sources */ = {isa = PBXBuildFile; fileRef = 18972CC71A0660B600A4CC64 /* MLTableAlert.m */; };
		18972CCA1A06714300A4CC64 /* ViewController.xib in Resources */ = {isa = PBXBuildFile; fileRef = 18972CC91A06714300A4CC64 /* ViewController.xib */; };
		39563D4519FE7C4D008A6FB5 /* QuartzCore.framework in Frameworks */ = {isa = PBXBuildFile; fileRef = 39563D4419FE7C4D008A6FB5 /* QuartzCore.framework */; };
		39563D5919FE7D3B008A6FB5 /* EGORefreshTableHeaderView.m in Sources */ = {isa = PBXBuildFile; fileRef = 39563D4919FE7D3B008A6FB5 /* EGORefreshTableHeaderView.m */; };
		39563D5A19FE7D3B008A6FB5 /* LoadMoreTableFooterView.m in Sources */ = {isa = PBXBuildFile; fileRef = 39563D4B19FE7D3B008A6FB5 /* LoadMoreTableFooterView.m */; };
		39563D5B19FE7D3B008A6FB5 /* MessageInterceptor.m in Sources */ = {isa = PBXBuildFile; fileRef = 39563D4D19FE7D3B008A6FB5 /* MessageInterceptor.m */; };
		39563D5C19FE7D3B008A6FB5 /* PullTableView.m in Sources */ = {isa = PBXBuildFile; fileRef = 39563D4F19FE7D3B008A6FB5 /* PullTableView.m */; };
		39563D5D19FE7D3B008A6FB5 /* blackArrow.png in Resources */ = {isa = PBXBuildFile; fileRef = 39563D5119FE7D3B008A6FB5 /* blackArrow.png */; };
		39563D5E19FE7D3B008A6FB5 /* blackArrow@2x.png in Resources */ = {isa = PBXBuildFile; fileRef = 39563D5219FE7D3B008A6FB5 /* blackArrow@2x.png */; };
		39563D5F19FE7D3B008A6FB5 /* blueArrow.png in Resources */ = {isa = PBXBuildFile; fileRef = 39563D5319FE7D3B008A6FB5 /* blueArrow.png */; };
		39563D6019FE7D3B008A6FB5 /* blueArrow@2x.png in Resources */ = {isa = PBXBuildFile; fileRef = 39563D5419FE7D3B008A6FB5 /* blueArrow@2x.png */; };
		39563D6119FE7D3B008A6FB5 /* grayArrow.png in Resources */ = {isa = PBXBuildFile; fileRef = 39563D5519FE7D3B008A6FB5 /* grayArrow.png */; };
		39563D6219FE7D3B008A6FB5 /* grayArrow@2x.png in Resources */ = {isa = PBXBuildFile; fileRef = 39563D5619FE7D3B008A6FB5 /* grayArrow@2x.png */; };
		39563D6319FE7D3B008A6FB5 /* whiteArrow.png in Resources */ = {isa = PBXBuildFile; fileRef = 39563D5719FE7D3B008A6FB5 /* whiteArrow.png */; };
		39563D6419FE7D3B008A6FB5 /* whiteArrow@2x.png in Resources */ = {isa = PBXBuildFile; fileRef = 39563D5819FE7D3B008A6FB5 /* whiteArrow@2x.png */; };
		39563D6A19FE849C008A6FB5 /* ImpeachViewController.m in Sources */ = {isa = PBXBuildFile; fileRef = 39563D6919FE849C008A6FB5 /* ImpeachViewController.m */; };
		39B483A819E947BC000666B0 /* main.m in Sources */ = {isa = PBXBuildFile; fileRef = 39B483A719E947BC000666B0 /* main.m */; };
		39B483AB19E947BC000666B0 /* AppDelegate.m in Sources */ = {isa = PBXBuildFile; fileRef = 39B483AA19E947BC000666B0 /* AppDelegate.m */; };
		39B483B419E947BC000666B0 /* Main.storyboard in Resources */ = {isa = PBXBuildFile; fileRef = 39B483B219E947BC000666B0 /* Main.storyboard */; };
		39B483B619E947BC000666B0 /* Images.xcassets in Resources */ = {isa = PBXBuildFile; fileRef = 39B483B519E947BC000666B0 /* Images.xcassets */; };
		39B483B919E947BC000666B0 /* LaunchScreen.xib in Resources */ = {isa = PBXBuildFile; fileRef = 39B483B719E947BC000666B0 /* LaunchScreen.xib */; };
		39B483C519E947BC000666B0 /* FoodInspectCustomerTests.m in Sources */ = {isa = PBXBuildFile; fileRef = 39B483C419E947BC000666B0 /* FoodInspectCustomerTests.m */; };
		39DEEE9319FF8BE0005C1975 /* HomeViewController.m in Sources */ = {isa = PBXBuildFile; fileRef = 39DEEE9219FF8BE0005C1975 /* HomeViewController.m */; };
		39DEEE9919FF8C45005C1975 /* QueryViewController.m in Sources */ = {isa = PBXBuildFile; fileRef = 39DEEE9819FF8C45005C1975 /* QueryViewController.m */; };
		40251DD791EBE16394896337 /* libPods.a in Frameworks */ = {isa = PBXBuildFile; fileRef = 46FB23C2A558E06CC3759460 /* libPods.a */; };
/* End PBXBuildFile section */

/* Begin PBXContainerItemProxy section */
		39B483BF19E947BC000666B0 /* PBXContainerItemProxy */ = {
			isa = PBXContainerItemProxy;
			containerPortal = 39B4839A19E947BC000666B0 /* Project object */;
			proxyType = 1;
			remoteGlobalIDString = 39B483A119E947BC000666B0;
			remoteInfo = FoodInspectCustomer;
		};
/* End PBXContainerItemProxy section */

/* Begin PBXFileReference section */
		18972CC61A0660B600A4CC64 /* MLTableAlert.h */ = {isa = PBXFileReference; fileEncoding = 4; lastKnownFileType = sourcecode.c.h; path = MLTableAlert.h; sourceTree = "<group>"; };
		18972CC71A0660B600A4CC64 /* MLTableAlert.m */ = {isa = PBXFileReference; fileEncoding = 4; lastKnownFileType = sourcecode.c.objc; path = MLTableAlert.m; sourceTree = "<group>"; };
		18972CC91A06714300A4CC64 /* ViewController.xib */ = {isa = PBXFileReference; fileEncoding = 4; lastKnownFileType = file.xib; path = ViewController.xib; sourceTree = "<group>"; };
		39563D4419FE7C4D008A6FB5 /* QuartzCore.framework */ = {isa = PBXFileReference; lastKnownFileType = wrapper.framework; name = QuartzCore.framework; path = System/Library/Frameworks/QuartzCore.framework; sourceTree = SDKROOT; };
		39563D4819FE7D3B008A6FB5 /* EGORefreshTableHeaderView.h */ = {isa = PBXFileReference; fileEncoding = 4; lastKnownFileType = sourcecode.c.h; path = EGORefreshTableHeaderView.h; sourceTree = "<group>"; };
		39563D4919FE7D3B008A6FB5 /* EGORefreshTableHeaderView.m */ = {isa = PBXFileReference; fileEncoding = 4; lastKnownFileType = sourcecode.c.objc; path = EGORefreshTableHeaderView.m; sourceTree = "<group>"; };
		39563D4A19FE7D3B008A6FB5 /* LoadMoreTableFooterView.h */ = {isa = PBXFileReference; fileEncoding = 4; lastKnownFileType = sourcecode.c.h; path = LoadMoreTableFooterView.h; sourceTree = "<group>"; };
		39563D4B19FE7D3B008A6FB5 /* LoadMoreTableFooterView.m */ = {isa = PBXFileReference; fileEncoding = 4; lastKnownFileType = sourcecode.c.objc; path = LoadMoreTableFooterView.m; sourceTree = "<group>"; };
		39563D4C19FE7D3B008A6FB5 /* MessageInterceptor.h */ = {isa = PBXFileReference; fileEncoding = 4; lastKnownFileType = sourcecode.c.h; path = MessageInterceptor.h; sourceTree = "<group>"; };
		39563D4D19FE7D3B008A6FB5 /* MessageInterceptor.m */ = {isa = PBXFileReference; fileEncoding = 4; lastKnownFileType = sourcecode.c.objc; path = MessageInterceptor.m; sourceTree = "<group>"; };
		39563D4E19FE7D3B008A6FB5 /* PullTableView.h */ = {isa = PBXFileReference; fileEncoding = 4; lastKnownFileType = sourcecode.c.h; path = PullTableView.h; sourceTree = "<group>"; };
		39563D4F19FE7D3B008A6FB5 /* PullTableView.m */ = {isa = PBXFileReference; fileEncoding = 4; lastKnownFileType = sourcecode.c.objc; path = PullTableView.m; sourceTree = "<group>"; };
		39563D5119FE7D3B008A6FB5 /* blackArrow.png */ = {isa = PBXFileReference; lastKnownFileType = image.png; path = blackArrow.png; sourceTree = "<group>"; };
		39563D5219FE7D3B008A6FB5 /* blackArrow@2x.png */ = {isa = PBXFileReference; lastKnownFileType = image.png; path = "blackArrow@2x.png"; sourceTree = "<group>"; };
		39563D5319FE7D3B008A6FB5 /* blueArrow.png */ = {isa = PBXFileReference; lastKnownFileType = image.png; path = blueArrow.png; sourceTree = "<group>"; };
		39563D5419FE7D3B008A6FB5 /* blueArrow@2x.png */ = {isa = PBXFileReference; lastKnownFileType = image.png; path = "blueArrow@2x.png"; sourceTree = "<group>"; };
		39563D5519FE7D3B008A6FB5 /* grayArrow.png */ = {isa = PBXFileReference; lastKnownFileType = image.png; path = grayArrow.png; sourceTree = "<group>"; };
		39563D5619FE7D3B008A6FB5 /* grayArrow@2x.png */ = {isa = PBXFileReference; lastKnownFileType = image.png; path = "grayArrow@2x.png"; sourceTree = "<group>"; };
		39563D5719FE7D3B008A6FB5 /* whiteArrow.png */ = {isa = PBXFileReference; lastKnownFileType = image.png; path = whiteArrow.png; sourceTree = "<group>"; };
		39563D5819FE7D3B008A6FB5 /* whiteArrow@2x.png */ = {isa = PBXFileReference; lastKnownFileType = image.png; path = "whiteArrow@2x.png"; sourceTree = "<group>"; };
		39563D6819FE849C008A6FB5 /* ImpeachViewController.h */ = {isa = PBXFileReference; fileEncoding = 4; lastKnownFileType = sourcecode.c.h; name = ImpeachViewController.h; path = ../ImpeachViewController.h; sourceTree = "<group>"; };
		39563D6919FE849C008A6FB5 /* ImpeachViewController.m */ = {isa = PBXFileReference; fileEncoding = 4; lastKnownFileType = sourcecode.c.objc; name = ImpeachViewController.m; path = ../ImpeachViewController.m; sourceTree = "<group>"; };
		39B483A219E947BC000666B0 /* FoodInspectCustomer.app */ = {isa = PBXFileReference; explicitFileType = wrapper.application; includeInIndex = 0; path = FoodInspectCustomer.app; sourceTree = BUILT_PRODUCTS_DIR; };
		39B483A619E947BC000666B0 /* Info.plist */ = {isa = PBXFileReference; lastKnownFileType = text.plist.xml; path = Info.plist; sourceTree = "<group>"; };
		39B483A719E947BC000666B0 /* main.m */ = {isa = PBXFileReference; lastKnownFileType = sourcecode.c.objc; path = main.m; sourceTree = "<group>"; };
		39B483A919E947BC000666B0 /* AppDelegate.h */ = {isa = PBXFileReference; lastKnownFileType = sourcecode.c.h; path = AppDelegate.h; sourceTree = "<group>"; };
		39B483AA19E947BC000666B0 /* AppDelegate.m */ = {isa = PBXFileReference; lastKnownFileType = sourcecode.c.objc; path = AppDelegate.m; sourceTree = "<group>"; };
		39B483B319E947BC000666B0 /* Base */ = {isa = PBXFileReference; lastKnownFileType = file.storyboard; name = Base; path = Base.lproj/Main.storyboard; sourceTree = "<group>"; };
		39B483B519E947BC000666B0 /* Images.xcassets */ = {isa = PBXFileReference; lastKnownFileType = folder.assetcatalog; path = Images.xcassets; sourceTree = "<group>"; };
		39B483B819E947BC000666B0 /* Base */ = {isa = PBXFileReference; lastKnownFileType = file.xib; name = Base; path = Base.lproj/LaunchScreen.xib; sourceTree = "<group>"; };
		39B483BE19E947BC000666B0 /* FoodInspectCustomerTests.xctest */ = {isa = PBXFileReference; explicitFileType = wrapper.cfbundle; includeInIndex = 0; path = FoodInspectCustomerTests.xctest; sourceTree = BUILT_PRODUCTS_DIR; };
		39B483C319E947BC000666B0 /* Info.plist */ = {isa = PBXFileReference; lastKnownFileType = text.plist.xml; path = Info.plist; sourceTree = "<group>"; };
		39B483C419E947BC000666B0 /* FoodInspectCustomerTests.m */ = {isa = PBXFileReference; lastKnownFileType = sourcecode.c.objc; path = FoodInspectCustomerTests.m; sourceTree = "<group>"; };
		39DEEE9119FF8BE0005C1975 /* HomeViewController.h */ = {isa = PBXFileReference; fileEncoding = 4; lastKnownFileType = sourcecode.c.h; path = HomeViewController.h; sourceTree = "<group>"; };
		39DEEE9219FF8BE0005C1975 /* HomeViewController.m */ = {isa = PBXFileReference; fileEncoding = 4; lastKnownFileType = sourcecode.c.objc; path = HomeViewController.m; sourceTree = "<group>"; };
		39DEEE9719FF8C45005C1975 /* QueryViewController.h */ = {isa = PBXFileReference; fileEncoding = 4; lastKnownFileType = sourcecode.c.h; path = QueryViewController.h; sourceTree = "<group>"; };
		39DEEE9819FF8C45005C1975 /* QueryViewController.m */ = {isa = PBXFileReference; fileEncoding = 4; lastKnownFileType = sourcecode.c.objc; path = QueryViewController.m; sourceTree = "<group>"; };
		46FB23C2A558E06CC3759460 /* libPods.a */ = {isa = PBXFileReference; explicitFileType = archive.ar; includeInIndex = 0; path = libPods.a; sourceTree = BUILT_PRODUCTS_DIR; };
		7E4A6064FED043A64B4E184C /* Pods.debug.xcconfig */ = {isa = PBXFileReference; includeInIndex = 1; lastKnownFileType = text.xcconfig; name = Pods.debug.xcconfig; path = "Pods/Target Support Files/Pods/Pods.debug.xcconfig"; sourceTree = "<group>"; };
		FB26A6DF7A1E63663383F577 /* Pods.release.xcconfig */ = {isa = PBXFileReference; includeInIndex = 1; lastKnownFileType = text.xcconfig; name = Pods.release.xcconfig; path = "Pods/Target Support Files/Pods/Pods.release.xcconfig"; sourceTree = "<group>"; };
/* End PBXFileReference section */

/* Begin PBXFrameworksBuildPhase section */
		39B4839F19E947BC000666B0 /* Frameworks */ = {
			isa = PBXFrameworksBuildPhase;
			buildActionMask = 2147483647;
			files = (
				39563D4519FE7C4D008A6FB5 /* QuartzCore.framework in Frameworks */,
				40251DD791EBE16394896337 /* libPods.a in Frameworks */,
			);
			runOnlyForDeploymentPostprocessing = 0;
		};
		39B483BB19E947BC000666B0 /* Frameworks */ = {
			isa = PBXFrameworksBuildPhase;
			buildActionMask = 2147483647;
			files = (
			);
			runOnlyForDeploymentPostprocessing = 0;
		};
/* End PBXFrameworksBuildPhase section */

/* Begin PBXGroup section */
		18972CC31A065F9D00A4CC64 /* Model */ = {
			isa = PBXGroup;
			children = (
			);
			name = Model;
			sourceTree = "<group>";
		};
		18972CC41A065FA700A4CC64 /* View */ = {
			isa = PBXGroup;
			children = (
				18972CC61A0660B600A4CC64 /* MLTableAlert.h */,
				18972CC71A0660B600A4CC64 /* MLTableAlert.m */,
			);
			name = View;
			sourceTree = "<group>";
		};
		18972CC51A065FB400A4CC64 /* Controller */ = {
			isa = PBXGroup;
			children = (
				39563D6819FE849C008A6FB5 /* ImpeachViewController.h */,
				39563D6919FE849C008A6FB5 /* ImpeachViewController.m */,
				39DEEE9119FF8BE0005C1975 /* HomeViewController.h */,
				39DEEE9219FF8BE0005C1975 /* HomeViewController.m */,
				39DEEE9719FF8C45005C1975 /* QueryViewController.h */,
				39DEEE9819FF8C45005C1975 /* QueryViewController.m */,
			);
			name = Controller;
			sourceTree = "<group>";
		};
		39563D4619FE7D3B008A6FB5 /* EGOTableViewPullRefresh */ = {
			isa = PBXGroup;
			children = (
				39563D4719FE7D3B008A6FB5 /* Classes */,
				39563D5019FE7D3B008A6FB5 /* Resources */,
			);
			path = EGOTableViewPullRefresh;
			sourceTree = "<group>";
		};
		39563D4719FE7D3B008A6FB5 /* Classes */ = {
			isa = PBXGroup;
			children = (
				39563D4819FE7D3B008A6FB5 /* EGORefreshTableHeaderView.h */,
				39563D4919FE7D3B008A6FB5 /* EGORefreshTableHeaderView.m */,
				39563D4A19FE7D3B008A6FB5 /* LoadMoreTableFooterView.h */,
				39563D4B19FE7D3B008A6FB5 /* LoadMoreTableFooterView.m */,
				39563D4C19FE7D3B008A6FB5 /* MessageInterceptor.h */,
				39563D4D19FE7D3B008A6FB5 /* MessageInterceptor.m */,
				39563D4E19FE7D3B008A6FB5 /* PullTableView.h */,
				39563D4F19FE7D3B008A6FB5 /* PullTableView.m */,
			);
			path = Classes;
			sourceTree = "<group>";
		};
		39563D5019FE7D3B008A6FB5 /* Resources */ = {
			isa = PBXGroup;
			children = (
				39563D5119FE7D3B008A6FB5 /* blackArrow.png */,
				39563D5219FE7D3B008A6FB5 /* blackArrow@2x.png */,
				39563D5319FE7D3B008A6FB5 /* blueArrow.png */,
				39563D5419FE7D3B008A6FB5 /* blueArrow@2x.png */,
				39563D5519FE7D3B008A6FB5 /* grayArrow.png */,
				39563D5619FE7D3B008A6FB5 /* grayArrow@2x.png */,
				39563D5719FE7D3B008A6FB5 /* whiteArrow.png */,
				39563D5819FE7D3B008A6FB5 /* whiteArrow@2x.png */,
			);
			path = Resources;
			sourceTree = "<group>";
		};
		39B4839919E947BC000666B0 = {
			isa = PBXGroup;
			children = (
				39B483A419E947BC000666B0 /* FoodInspectCustomer */,
				39B483C119E947BC000666B0 /* FoodInspectCustomerTests */,
				39B483A319E947BC000666B0 /* Products */,
				8EA7867DFC509B1A533EBB2A /* Pods */,
				9E0491819A7FFEFBF10AE138 /* Frameworks */,
			);
			sourceTree = "<group>";
		};
		39B483A319E947BC000666B0 /* Products */ = {
			isa = PBXGroup;
			children = (
				39B483A219E947BC000666B0 /* FoodInspectCustomer.app */,
				39B483BE19E947BC000666B0 /* FoodInspectCustomerTests.xctest */,
			);
			name = Products;
			sourceTree = "<group>";
		};
		39B483A419E947BC000666B0 /* FoodInspectCustomer */ = {
			isa = PBXGroup;
			children = (
				18972CC51A065FB400A4CC64 /* Controller */,
				18972CC41A065FA700A4CC64 /* View */,
				18972CC31A065F9D00A4CC64 /* Model */,
				39563D4619FE7D3B008A6FB5 /* EGOTableViewPullRefresh */,
				39B483A919E947BC000666B0 /* AppDelegate.h */,
				39B483AA19E947BC000666B0 /* AppDelegate.m */,
				39B483B219E947BC000666B0 /* Main.storyboard */,
				18972CC91A06714300A4CC64 /* ViewController.xib */,
				39B483B519E947BC000666B0 /* Images.xcassets */,
				39B483B719E947BC000666B0 /* LaunchScreen.xib */,
				39B483A519E947BC000666B0 /* Supporting Files */,
			);
			path = FoodInspectCustomer;
			sourceTree = "<group>";
		};
		39B483A519E947BC000666B0 /* Supporting Files */ = {
			isa = PBXGroup;
			children = (
				39B483A619E947BC000666B0 /* Info.plist */,
				39B483A719E947BC000666B0 /* main.m */,
			);
			name = "Supporting Files";
			sourceTree = "<group>";
		};
		39B483C119E947BC000666B0 /* FoodInspectCustomerTests */ = {
			isa = PBXGroup;
			children = (
				39B483C419E947BC000666B0 /* FoodInspectCustomerTests.m */,
				39B483C219E947BC000666B0 /* Supporting Files */,
			);
			path = FoodInspectCustomerTests;
			sourceTree = "<group>";
		};
		39B483C219E947BC000666B0 /* Supporting Files */ = {
			isa = PBXGroup;
			children = (
				39B483C319E947BC000666B0 /* Info.plist */,
			);
			name = "Supporting Files";
			sourceTree = "<group>";
		};
		8EA7867DFC509B1A533EBB2A /* Pods */ = {
			isa = PBXGroup;
			children = (
				7E4A6064FED043A64B4E184C /* Pods.debug.xcconfig */,
				FB26A6DF7A1E63663383F577 /* Pods.release.xcconfig */,
			);
			name = Pods;
			sourceTree = "<group>";
		};
		9E0491819A7FFEFBF10AE138 /* Frameworks */ = {
			isa = PBXGroup;
			children = (
				39563D4419FE7C4D008A6FB5 /* QuartzCore.framework */,
				46FB23C2A558E06CC3759460 /* libPods.a */,
			);
			name = Frameworks;
			sourceTree = "<group>";
		};
/* End PBXGroup section */

/* Begin PBXNativeTarget section */
		39B483A119E947BC000666B0 /* FoodInspectCustomer */ = {
			isa = PBXNativeTarget;
			buildConfigurationList = 39B483C819E947BC000666B0 /* Build configuration list for PBXNativeTarget "FoodInspectCustomer" */;
			buildPhases = (
				CAD7F89CB2EFEAE094FCB24D /* Check Pods Manifest.lock */,
				39B4839E19E947BC000666B0 /* Sources */,
				39B4839F19E947BC000666B0 /* Frameworks */,
				39B483A019E947BC000666B0 /* Resources */,
				4320A66F7464DACF15151CFC /* Copy Pods Resources */,
			);
			buildRules = (
			);
			dependencies = (
			);
			name = FoodInspectCustomer;
			productName = FoodInspectCustomer;
			productReference = 39B483A219E947BC000666B0 /* FoodInspectCustomer.app */;
			productType = "com.apple.product-type.application";
		};
		39B483BD19E947BC000666B0 /* FoodInspectCustomerTests */ = {
			isa = PBXNativeTarget;
			buildConfigurationList = 39B483CB19E947BC000666B0 /* Build configuration list for PBXNativeTarget "FoodInspectCustomerTests" */;
			buildPhases = (
				39B483BA19E947BC000666B0 /* Sources */,
				39B483BB19E947BC000666B0 /* Frameworks */,
				39B483BC19E947BC000666B0 /* Resources */,
			);
			buildRules = (
			);
			dependencies = (
				39B483C019E947BC000666B0 /* PBXTargetDependency */,
			);
			name = FoodInspectCustomerTests;
			productName = FoodInspectCustomerTests;
			productReference = 39B483BE19E947BC000666B0 /* FoodInspectCustomerTests.xctest */;
			productType = "com.apple.product-type.bundle.unit-test";
		};
/* End PBXNativeTarget section */

/* Begin PBXProject section */
		39B4839A19E947BC000666B0 /* Project object */ = {
			isa = PBXProject;
			attributes = {
				LastUpgradeCheck = 0600;
				ORGANIZATIONNAME = EastFish;
				TargetAttributes = {
					39B483A119E947BC000666B0 = {
						CreatedOnToolsVersion = 6.0.1;
					};
					39B483BD19E947BC000666B0 = {
						CreatedOnToolsVersion = 6.0.1;
						TestTargetID = 39B483A119E947BC000666B0;
					};
				};
			};
			buildConfigurationList = 39B4839D19E947BC000666B0 /* Build configuration list for PBXProject "FoodInspectCustomer" */;
			compatibilityVersion = "Xcode 3.2";
			developmentRegion = English;
			hasScannedForEncodings = 0;
			knownRegions = (
				en,
				Base,
			);
			mainGroup = 39B4839919E947BC000666B0;
			productRefGroup = 39B483A319E947BC000666B0 /* Products */;
			projectDirPath = "";
			projectRoot = "";
			targets = (
				39B483A119E947BC000666B0 /* FoodInspectCustomer */,
				39B483BD19E947BC000666B0 /* FoodInspectCustomerTests */,
			);
		};
/* End PBXProject section */

/* Begin PBXResourcesBuildPhase section */
		39B483A019E947BC000666B0 /* Resources */ = {
			isa = PBXResourcesBuildPhase;
			buildActionMask = 2147483647;
			files = (
				39B483B419E947BC000666B0 /* Main.storyboard in Resources */,
				39563D5D19FE7D3B008A6FB5 /* blackArrow.png in Resources */,
				39B483B919E947BC000666B0 /* LaunchScreen.xib in Resources */,
				39563D6419FE7D3B008A6FB5 /* whiteArrow@2x.png in Resources */,
				39563D6219FE7D3B008A6FB5 /* grayArrow@2x.png in Resources */,
				39563D6019FE7D3B008A6FB5 /* blueArrow@2x.png in Resources */,
				39563D5F19FE7D3B008A6FB5 /* blueArrow.png in Resources */,
				39563D5E19FE7D3B008A6FB5 /* blackArrow@2x.png in Resources */,
				39563D6319FE7D3B008A6FB5 /* whiteArrow.png in Resources */,
				39563D6119FE7D3B008A6FB5 /* grayArrow.png in Resources */,
				18972CCA1A06714300A4CC64 /* ViewController.xib in Resources */,
				39B483B619E947BC000666B0 /* Images.xcassets in Resources */,
			);
			runOnlyForDeploymentPostprocessing = 0;
		};
		39B483BC19E947BC000666B0 /* Resources */ = {
			isa = PBXResourcesBuildPhase;
			buildActionMask = 2147483647;
			files = (
			);
			runOnlyForDeploymentPostprocessing = 0;
		};
/* End PBXResourcesBuildPhase section */

/* Begin PBXShellScriptBuildPhase section */
		4320A66F7464DACF15151CFC /* Copy Pods Resources */ = {
			isa = PBXShellScriptBuildPhase;
			buildActionMask = 2147483647;
			files = (
			);
			inputPaths = (
			);
			name = "Copy Pods Resources";
			outputPaths = (
			);
			runOnlyForDeploymentPostprocessing = 0;
			shellPath = /bin/sh;
			shellScript = "\"${SRCROOT}/Pods/Target Support Files/Pods/Pods-resources.sh\"\n";
			showEnvVarsInLog = 0;
		};
		CAD7F89CB2EFEAE094FCB24D /* Check Pods Manifest.lock */ = {
			isa = PBXShellScriptBuildPhase;
			buildActionMask = 2147483647;
			files = (
			);
			inputPaths = (
			);
			name = "Check Pods Manifest.lock";
			outputPaths = (
			);
			runOnlyForDeploymentPostprocessing = 0;
			shellPath = /bin/sh;
			shellScript = "diff \"${PODS_ROOT}/../Podfile.lock\" \"${PODS_ROOT}/Manifest.lock\" > /dev/null\nif [[ $? != 0 ]] ; then\n    cat << EOM\nerror: The sandbox is not in sync with the Podfile.lock. Run 'pod install' or update your CocoaPods installation.\nEOM\n    exit 1\nfi\n";
			showEnvVarsInLog = 0;
		};
/* End PBXShellScriptBuildPhase section */

/* Begin PBXSourcesBuildPhase section */
		39B4839E19E947BC000666B0 /* Sources */ = {
			isa = PBXSourcesBuildPhase;
			buildActionMask = 2147483647;
			files = (
				39563D5A19FE7D3B008A6FB5 /* LoadMoreTableFooterView.m in Sources */,
				39563D5C19FE7D3B008A6FB5 /* PullTableView.m in Sources */,
				39DEEE9919FF8C45005C1975 /* QueryViewController.m in Sources */,
				39DEEE9319FF8BE0005C1975 /* HomeViewController.m in Sources */,
				39B483AB19E947BC000666B0 /* AppDelegate.m in Sources */,
				39563D5919FE7D3B008A6FB5 /* EGORefreshTableHeaderView.m in Sources */,
				39563D6A19FE849C008A6FB5 /* ImpeachViewController.m in Sources */,
				39B483A819E947BC000666B0 /* main.m in Sources */,
				18972CC81A0660B600A4CC64 /* MLTableAlert.m in Sources */,
				39563D5B19FE7D3B008A6FB5 /* MessageInterceptor.m in Sources */,
			);
			runOnlyForDeploymentPostprocessing = 0;
		};
		39B483BA19E947BC000666B0 /* Sources */ = {
			isa = PBXSourcesBuildPhase;
			buildActionMask = 2147483647;
			files = (
				39B483C519E947BC000666B0 /* FoodInspectCustomerTests.m in Sources */,
			);
			runOnlyForDeploymentPostprocessing = 0;
		};
/* End PBXSourcesBuildPhase section */

/* Begin PBXTargetDependency section */
		39B483C019E947BC000666B0 /* PBXTargetDependency */ = {
			isa = PBXTargetDependency;
			target = 39B483A119E947BC000666B0 /* FoodInspectCustomer */;
			targetProxy = 39B483BF19E947BC000666B0 /* PBXContainerItemProxy */;
		};
/* End PBXTargetDependency section */

/* Begin PBXVariantGroup section */
		39B483B219E947BC000666B0 /* Main.storyboard */ = {
			isa = PBXVariantGroup;
			children = (
				39B483B319E947BC000666B0 /* Base */,
			);
			name = Main.storyboard;
			sourceTree = "<group>";
		};
		39B483B719E947BC000666B0 /* LaunchScreen.xib */ = {
			isa = PBXVariantGroup;
			children = (
				39B483B819E947BC000666B0 /* Base */,
			);
			name = LaunchScreen.xib;
			sourceTree = "<group>";
		};
/* End PBXVariantGroup section */

/* Begin XCBuildConfiguration section */
		39B483C619E947BC000666B0 /* Debug */ = {
			isa = XCBuildConfiguration;
			buildSettings = {
				ALWAYS_SEARCH_USER_PATHS = NO;
				CLANG_CXX_LANGUAGE_STANDARD = "gnu++0x";
				CLANG_CXX_LIBRARY = "libc++";
				CLANG_ENABLE_MODULES = YES;
				CLANG_ENABLE_OBJC_ARC = YES;
				CLANG_WARN_BOOL_CONVERSION = YES;
				CLANG_WARN_CONSTANT_CONVERSION = YES;
				CLANG_WARN_DIRECT_OBJC_ISA_USAGE = YES_ERROR;
				CLANG_WARN_EMPTY_BODY = YES;
				CLANG_WARN_ENUM_CONVERSION = YES;
				CLANG_WARN_INT_CONVERSION = YES;
				CLANG_WARN_OBJC_ROOT_CLASS = YES_ERROR;
				CLANG_WARN_UNREACHABLE_CODE = YES;
				CLANG_WARN__DUPLICATE_METHOD_MATCH = YES;
				"CODE_SIGN_IDENTITY[sdk=iphoneos*]" = "iPhone Developer";
				COPY_PHASE_STRIP = NO;
				ENABLE_STRICT_OBJC_MSGSEND = YES;
				GCC_C_LANGUAGE_STANDARD = gnu99;
				GCC_DYNAMIC_NO_PIC = NO;
				GCC_OPTIMIZATION_LEVEL = 0;
				GCC_PREPROCESSOR_DEFINITIONS = (
					"DEBUG=1",
					"$(inherited)",
				);
				GCC_SYMBOLS_PRIVATE_EXTERN = NO;
				GCC_WARN_64_TO_32_BIT_CONVERSION = YES;
				GCC_WARN_ABOUT_RETURN_TYPE = YES_ERROR;
				GCC_WARN_UNDECLARED_SELECTOR = YES;
				GCC_WARN_UNINITIALIZED_AUTOS = YES_AGGRESSIVE;
				GCC_WARN_UNUSED_FUNCTION = YES;
				GCC_WARN_UNUSED_VARIABLE = YES;
				IPHONEOS_DEPLOYMENT_TARGET = 8.0;
				MTL_ENABLE_DEBUG_INFO = YES;
				ONLY_ACTIVE_ARCH = YES;
				SDKROOT = iphoneos;
			};
			name = Debug;
		};
		39B483C719E947BC000666B0 /* Release */ = {
			isa = XCBuildConfiguration;
			buildSettings = {
				ALWAYS_SEARCH_USER_PATHS = NO;
				CLANG_CXX_LANGUAGE_STANDARD = "gnu++0x";
				CLANG_CXX_LIBRARY = "libc++";
				CLANG_ENABLE_MODULES = YES;
				CLANG_ENABLE_OBJC_ARC = YES;
				CLANG_WARN_BOOL_CONVERSION = YES;
				CLANG_WARN_CONSTANT_CONVERSION = YES;
				CLANG_WARN_DIRECT_OBJC_ISA_USAGE = YES_ERROR;
				CLANG_WARN_EMPTY_BODY = YES;
				CLANG_WARN_ENUM_CONVERSION = YES;
				CLANG_WARN_INT_CONVERSION = YES;
				CLANG_WARN_OBJC_ROOT_CLASS = YES_ERROR;
				CLANG_WARN_UNREACHABLE_CODE = YES;
				CLANG_WARN__DUPLICATE_METHOD_MATCH = YES;
				"CODE_SIGN_IDENTITY[sdk=iphoneos*]" = "iPhone Developer";
				COPY_PHASE_STRIP = YES;
				ENABLE_NS_ASSERTIONS = NO;
				ENABLE_STRICT_OBJC_MSGSEND = YES;
				GCC_C_LANGUAGE_STANDARD = gnu99;
				GCC_WARN_64_TO_32_BIT_CONVERSION = YES;
				GCC_WARN_ABOUT_RETURN_TYPE = YES_ERROR;
				GCC_WARN_UNDECLARED_SELECTOR = YES;
				GCC_WARN_UNINITIALIZED_AUTOS = YES_AGGRESSIVE;
				GCC_WARN_UNUSED_FUNCTION = YES;
				GCC_WARN_UNUSED_VARIABLE = YES;
				IPHONEOS_DEPLOYMENT_TARGET = 8.0;
				MTL_ENABLE_DEBUG_INFO = NO;
				SDKROOT = iphoneos;
				VALIDATE_PRODUCT = YES;
			};
			name = Release;
		};
		39B483C919E947BC000666B0 /* Debug */ = {
			isa = XCBuildConfiguration;
			baseConfigurationReference = 7E4A6064FED043A64B4E184C /* Pods.debug.xcconfig */;
			buildSettings = {
				ASSETCATALOG_COMPILER_APPICON_NAME = AppIcon;
				INFOPLIST_FILE = FoodInspectCustomer/Info.plist;
				LD_RUNPATH_SEARCH_PATHS = "$(inherited) @executable_path/Frameworks";
				PRODUCT_NAME = "$(TARGET_NAME)";
			};
			name = Debug;
		};
		39B483CA19E947BC000666B0 /* Release */ = {
			isa = XCBuildConfiguration;
			baseConfigurationReference = FB26A6DF7A1E63663383F577 /* Pods.release.xcconfig */;
			buildSettings = {
				ASSETCATALOG_COMPILER_APPICON_NAME = AppIcon;
				INFOPLIST_FILE = FoodInspectCustomer/Info.plist;
				LD_RUNPATH_SEARCH_PATHS = "$(inherited) @executable_path/Frameworks";
				PRODUCT_NAME = "$(TARGET_NAME)";
			};
			name = Release;
		};
		39B483CC19E947BC000666B0 /* Debug */ = {
			isa = XCBuildConfiguration;
			buildSettings = {
				BUNDLE_LOADER = "$(TEST_HOST)";
				FRAMEWORK_SEARCH_PATHS = (
					"$(SDKROOT)/Developer/Library/Frameworks",
					"$(inherited)",
				);
				GCC_PREPROCESSOR_DEFINITIONS = (
					"DEBUG=1",
					"$(inherited)",
				);
				INFOPLIST_FILE = FoodInspectCustomerTests/Info.plist;
				LD_RUNPATH_SEARCH_PATHS = "$(inherited) @executable_path/Frameworks @loader_path/Frameworks";
				PRODUCT_NAME = "$(TARGET_NAME)";
				TEST_HOST = "$(BUILT_PRODUCTS_DIR)/FoodInspectCustomer.app/FoodInspectCustomer";
			};
			name = Debug;
		};
		39B483CD19E947BC000666B0 /* Release */ = {
			isa = XCBuildConfiguration;
			buildSettings = {
				BUNDLE_LOADER = "$(TEST_HOST)";
				FRAMEWORK_SEARCH_PATHS = (
					"$(SDKROOT)/Developer/Library/Frameworks",
					"$(inherited)",
				);
				INFOPLIST_FILE = FoodInspectCustomerTests/Info.plist;
				LD_RUNPATH_SEARCH_PATHS = "$(inherited) @executable_path/Frameworks @loader_path/Frameworks";
				PRODUCT_NAME = "$(TARGET_NAME)";
				TEST_HOST = "$(BUILT_PRODUCTS_DIR)/FoodInspectCustomer.app/FoodInspectCustomer";
			};
			name = Release;
		};
/* End XCBuildConfiguration section */

/* Begin XCConfigurationList section */
		39B4839D19E947BC000666B0 /* Build configuration list for PBXProject "FoodInspectCustomer" */ = {
			isa = XCConfigurationList;
			buildConfigurations = (
				39B483C619E947BC000666B0 /* Debug */,
				39B483C719E947BC000666B0 /* Release */,
			);
			defaultConfigurationIsVisible = 0;
			defaultConfigurationName = Release;
		};
		39B483C819E947BC000666B0 /* Build configuration list for PBXNativeTarget "FoodInspectCustomer" */ = {
			isa = XCConfigurationList;
			buildConfigurations = (
				39B483C919E947BC000666B0 /* Debug */,
				39B483CA19E947BC000666B0 /* Release */,
			);
			defaultConfigurationIsVisible = 0;
			defaultConfigurationName = Release;
		};
		39B483CB19E947BC000666B0 /* Build configuration list for PBXNativeTarget "FoodInspectCustomerTests" */ = {
			isa = XCConfigurationList;
			buildConfigurations = (
				39B483CC19E947BC000666B0 /* Debug */,
				39B483CD19E947BC000666B0 /* Release */,
			);
			defaultConfigurationIsVisible = 0;
			defaultConfigurationName = Release;
		};
/* End XCConfigurationList section */
	};
	rootObject = 39B4839A19E947BC000666B0 /* Project object */;
}
